// !$*UTF8*$!
{
	archiveVersion = 1;
	classes = {
	};
	objectVersion = 50;
	objects = {

/* Begin PBXBuildFile section */
		48208DC025BADC3F00993CD3 /* AppDelegate.swift in Sources */ = {isa = PBXBuildFile; fileRef = 48208DBF25BADC3F00993CD3 /* AppDelegate.swift */; };
		48208DC225BADC3F00993CD3 /* SceneDelegate.swift in Sources */ = {isa = PBXBuildFile; fileRef = 48208DC125BADC3F00993CD3 /* SceneDelegate.swift */; };
		48208DC925BADC4600993CD3 /* Assets.xcassets in Resources */ = {isa = PBXBuildFile; fileRef = 48208DC825BADC4600993CD3 /* Assets.xcassets */; };
		48208DCC25BADC4600993CD3 /* LaunchScreen.storyboard in Resources */ = {isa = PBXBuildFile; fileRef = 48208DCA25BADC4600993CD3 /* LaunchScreen.storyboard */; };
		48208DD825BADCD900993CD3 /* MainViewController.swift in Sources */ = {isa = PBXBuildFile; fileRef = 48208DD725BADCD900993CD3 /* MainViewController.swift */; };
		486B528425C16F65000D5DFD /* UIViewController + Extensions.swift in Sources */ = {isa = PBXBuildFile; fileRef = 486B528325C16F65000D5DFD /* UIViewController + Extensions.swift */; };
		487FD3A425BADF1C00B5D641 /* result.json in Resources */ = {isa = PBXBuildFile; fileRef = 487FD3A325BADF1C00B5D641 /* result.json */; };
		487FD3AA25BAE3A600B5D641 /* Model.swift in Sources */ = {isa = PBXBuildFile; fileRef = 487FD3A925BAE3A600B5D641 /* Model.swift */; };
		487FD3B025BC3FBF00B5D641 /* UIColor + Extension.swift in Sources */ = {isa = PBXBuildFile; fileRef = 487FD3AF25BC3FBF00B5D641 /* UIColor + Extension.swift */; };
		487FD3B325BEA52E00B5D641 /* CloseButton.swift in Sources */ = {isa = PBXBuildFile; fileRef = 487FD3B225BEA52E00B5D641 /* CloseButton.swift */; };
		487FD3B625BEA8C100B5D641 /* SelectButton.swift in Sources */ = {isa = PBXBuildFile; fileRef = 487FD3B525BEA8C100B5D641 /* SelectButton.swift */; };
		487FD3B925BEAD9E00B5D641 /* TitleLabel.swift in Sources */ = {isa = PBXBuildFile; fileRef = 487FD3B825BEAD9E00B5D641 /* TitleLabel.swift */; };
		487FD3BF25BEC3E700B5D641 /* PromotionCollectionViewCell.swift in Sources */ = {isa = PBXBuildFile; fileRef = 487FD3BE25BEC3E700B5D641 /* PromotionCollectionViewCell.swift */; };
		487FD3C325BEC4DB00B5D641 /* TitleLabelCell.swift in Sources */ = {isa = PBXBuildFile; fileRef = 487FD3C225BEC4DB00B5D641 /* TitleLabelCell.swift */; };
		487FD3C925BEC6E700B5D641 /* DescriptionLabelCell.swift in Sources */ = {isa = PBXBuildFile; fileRef = 487FD3C825BEC6E700B5D641 /* DescriptionLabelCell.swift */; };
		487FD3CC25BEC78600B5D641 /* PriceLabelCell.swift in Sources */ = {isa = PBXBuildFile; fileRef = 487FD3CB25BEC78600B5D641 /* PriceLabelCell.swift */; };
		487FD3CF25BEC83600B5D641 /* CheckmarkImageView.swift in Sources */ = {isa = PBXBuildFile; fileRef = 487FD3CE25BEC83600B5D641 /* CheckmarkImageView.swift */; };
		487FD3D225C0779E00B5D641 /* NetworkService.swift in Sources */ = {isa = PBXBuildFile; fileRef = 487FD3D125C0779E00B5D641 /* NetworkService.swift */; };
		487FD3D725C078B500B5D641 /* NetworkDataFetcher.swift in Sources */ = {isa = PBXBuildFile; fileRef = 487FD3D625C078B500B5D641 /* NetworkDataFetcher.swift */; };
		487FD3DA25C0792A00B5D641 /* LocalDataFetcher.swift in Sources */ = {isa = PBXBuildFile; fileRef = 487FD3D925C0792A00B5D641 /* LocalDataFetcher.swift */; };
		487FD3DD25C079A600B5D641 /* DataFetcherService.swift in Sources */ = {isa = PBXBuildFile; fileRef = 487FD3DC25C079A600B5D641 /* DataFetcherService.swift */; };
		487FD3E125C07D6C00B5D641 /* UIImage + Extensions.swift in Sources */ = {isa = PBXBuildFile; fileRef = 487FD3E025C07D6C00B5D641 /* UIImage + Extensions.swift */; };
/* End PBXBuildFile section */

/* Begin PBXFileReference section */
		48208DBC25BADC3F00993CD3 /* internshipAvito.app */ = {isa = PBXFileReference; explicitFileType = wrapper.application; includeInIndex = 0; path = internshipAvito.app; sourceTree = BUILT_PRODUCTS_DIR; };
		48208DBF25BADC3F00993CD3 /* AppDelegate.swift */ = {isa = PBXFileReference; lastKnownFileType = sourcecode.swift; path = AppDelegate.swift; sourceTree = "<group>"; };
		48208DC125BADC3F00993CD3 /* SceneDelegate.swift */ = {isa = PBXFileReference; lastKnownFileType = sourcecode.swift; path = SceneDelegate.swift; sourceTree = "<group>"; };
		48208DC825BADC4600993CD3 /* Assets.xcassets */ = {isa = PBXFileReference; lastKnownFileType = folder.assetcatalog; path = Assets.xcassets; sourceTree = "<group>"; };
		48208DCB25BADC4600993CD3 /* Base */ = {isa = PBXFileReference; lastKnownFileType = file.storyboard; name = Base; path = Base.lproj/LaunchScreen.storyboard; sourceTree = "<group>"; };
		48208DCD25BADC4600993CD3 /* Info.plist */ = {isa = PBXFileReference; lastKnownFileType = text.plist.xml; path = Info.plist; sourceTree = "<group>"; };
		48208DD725BADCD900993CD3 /* MainViewController.swift */ = {isa = PBXFileReference; lastKnownFileType = sourcecode.swift; path = MainViewController.swift; sourceTree = "<group>"; };
		486B528325C16F65000D5DFD /* UIViewController + Extensions.swift */ = {isa = PBXFileReference; lastKnownFileType = sourcecode.swift; path = "UIViewController + Extensions.swift"; sourceTree = "<group>"; };
		487FD3A325BADF1C00B5D641 /* result.json */ = {isa = PBXFileReference; fileEncoding = 4; lastKnownFileType = text.json; path = result.json; sourceTree = "<group>"; };
		487FD3A925BAE3A600B5D641 /* Model.swift */ = {isa = PBXFileReference; lastKnownFileType = sourcecode.swift; path = Model.swift; sourceTree = "<group>"; };
		487FD3AF25BC3FBF00B5D641 /* UIColor + Extension.swift */ = {isa = PBXFileReference; lastKnownFileType = sourcecode.swift; path = "UIColor + Extension.swift"; sourceTree = "<group>"; };
		487FD3B225BEA52E00B5D641 /* CloseButton.swift */ = {isa = PBXFileReference; lastKnownFileType = sourcecode.swift; path = CloseButton.swift; sourceTree = "<group>"; };
		487FD3B525BEA8C100B5D641 /* SelectButton.swift */ = {isa = PBXFileReference; lastKnownFileType = sourcecode.swift; path = SelectButton.swift; sourceTree = "<group>"; };
		487FD3B825BEAD9E00B5D641 /* TitleLabel.swift */ = {isa = PBXFileReference; lastKnownFileType = sourcecode.swift; path = TitleLabel.swift; sourceTree = "<group>"; };
		487FD3BE25BEC3E700B5D641 /* PromotionCollectionViewCell.swift */ = {isa = PBXFileReference; lastKnownFileType = sourcecode.swift; path = PromotionCollectionViewCell.swift; sourceTree = "<group>"; };
		487FD3C225BEC4DB00B5D641 /* TitleLabelCell.swift */ = {isa = PBXFileReference; lastKnownFileType = sourcecode.swift; path = TitleLabelCell.swift; sourceTree = "<group>"; };
		487FD3C825BEC6E700B5D641 /* DescriptionLabelCell.swift */ = {isa = PBXFileReference; lastKnownFileType = sourcecode.swift; path = DescriptionLabelCell.swift; sourceTree = "<group>"; };
		487FD3CB25BEC78600B5D641 /* PriceLabelCell.swift */ = {isa = PBXFileReference; lastKnownFileType = sourcecode.swift; path = PriceLabelCell.swift; sourceTree = "<group>"; };
		487FD3CE25BEC83600B5D641 /* CheckmarkImageView.swift */ = {isa = PBXFileReference; lastKnownFileType = sourcecode.swift; path = CheckmarkImageView.swift; sourceTree = "<group>"; };
		487FD3D125C0779E00B5D641 /* NetworkService.swift */ = {isa = PBXFileReference; lastKnownFileType = sourcecode.swift; path = NetworkService.swift; sourceTree = "<group>"; };
		487FD3D625C078B500B5D641 /* NetworkDataFetcher.swift */ = {isa = PBXFileReference; lastKnownFileType = sourcecode.swift; path = NetworkDataFetcher.swift; sourceTree = "<group>"; };
		487FD3D925C0792A00B5D641 /* LocalDataFetcher.swift */ = {isa = PBXFileReference; lastKnownFileType = sourcecode.swift; path = LocalDataFetcher.swift; sourceTree = "<group>"; };
		487FD3DC25C079A600B5D641 /* DataFetcherService.swift */ = {isa = PBXFileReference; lastKnownFileType = sourcecode.swift; path = DataFetcherService.swift; sourceTree = "<group>"; };
		487FD3E025C07D6C00B5D641 /* UIImage + Extensions.swift */ = {isa = PBXFileReference; lastKnownFileType = sourcecode.swift; path = "UIImage + Extensions.swift"; sourceTree = "<group>"; };
/* End PBXFileReference section */

/* Begin PBXFrameworksBuildPhase section */
		48208DB925BADC3F00993CD3 /* Frameworks */ = {
			isa = PBXFrameworksBuildPhase;
			buildActionMask = 2147483647;
			files = (
			);
			runOnlyForDeploymentPostprocessing = 0;
		};
/* End PBXFrameworksBuildPhase section */

/* Begin PBXGroup section */
		48208DB325BADC3F00993CD3 = {
			isa = PBXGroup;
			children = (
				48208DBE25BADC3F00993CD3 /* internshipAvito */,
				48208DBD25BADC3F00993CD3 /* Products */,
			);
			sourceTree = "<group>";
		};
		48208DBD25BADC3F00993CD3 /* Products */ = {
			isa = PBXGroup;
			children = (
				48208DBC25BADC3F00993CD3 /* internshipAvito.app */,
			);
			name = Products;
			sourceTree = "<group>";
		};
		48208DBE25BADC3F00993CD3 /* internshipAvito */ = {
			isa = PBXGroup;
			children = (
				48208DBF25BADC3F00993CD3 /* AppDelegate.swift */,
				48208DC125BADC3F00993CD3 /* SceneDelegate.swift */,
				486B528A25C17324000D5DFD /* Models */,
				487FD3D425C0783B00B5D641 /* Services */,
				486B528F25C17408000D5DFD /* Controllers */,
				487FD3C525BEC58600B5D641 /* Cell */,
				487FD3BC25BEC2AE00B5D641 /* Extensions */,
				48208DC825BADC4600993CD3 /* Assets.xcassets */,
				48208DCA25BADC4600993CD3 /* LaunchScreen.storyboard */,
				487FD3A325BADF1C00B5D641 /* result.json */,
				48208DCD25BADC4600993CD3 /* Info.plist */,
			);
			path = internshipAvito;
			sourceTree = "<group>";
		};
		486B528A25C17324000D5DFD /* Models */ = {
			isa = PBXGroup;
			children = (
				487FD3A925BAE3A600B5D641 /* Model.swift */,
			);
			path = Models;
			sourceTree = "<group>";
		};
		486B528D25C173EC000D5DFD /* Elements */ = {
			isa = PBXGroup;
			children = (
				487FD3C225BEC4DB00B5D641 /* TitleLabelCell.swift */,
				487FD3C825BEC6E700B5D641 /* DescriptionLabelCell.swift */,
				487FD3CB25BEC78600B5D641 /* PriceLabelCell.swift */,
				487FD3CE25BEC83600B5D641 /* CheckmarkImageView.swift */,
			);
			path = Elements;
			sourceTree = "<group>";
		};
		486B528F25C17408000D5DFD /* Controllers */ = {
			isa = PBXGroup;
			children = (
				48208DD725BADCD900993CD3 /* MainViewController.swift */,
			);
			path = Controllers;
			sourceTree = "<group>";
		};
		487FD3BC25BEC2AE00B5D641 /* Extensions */ = {
			isa = PBXGroup;
			children = (
				487FD3B225BEA52E00B5D641 /* CloseButton.swift */,
				487FD3B825BEAD9E00B5D641 /* TitleLabel.swift */,
				487FD3B525BEA8C100B5D641 /* SelectButton.swift */,
				487FD3BD25BEC2DB00B5D641 /* UIKit */,
			);
			path = Extensions;
			sourceTree = "<group>";
		};
		487FD3BD25BEC2DB00B5D641 /* UIKit */ = {
			isa = PBXGroup;
			children = (
				487FD3AF25BC3FBF00B5D641 /* UIColor + Extension.swift */,
				487FD3E025C07D6C00B5D641 /* UIImage + Extensions.swift */,
				486B528325C16F65000D5DFD /* UIViewController + Extensions.swift */,
			);
			path = UIKit;
			sourceTree = "<group>";
		};
		487FD3C525BEC58600B5D641 /* Cell */ = {
			isa = PBXGroup;
			children = (
				487FD3BE25BEC3E700B5D641 /* PromotionCollectionViewCell.swift */,
				486B528D25C173EC000D5DFD /* Elements */,
			);
			path = Cell;
			sourceTree = "<group>";
		};
		487FD3D425C0783B00B5D641 /* Services */ = {
			isa = PBXGroup;
			children = (
				487FD3D125C0779E00B5D641 /* NetworkService.swift */,
				487FD3D625C078B500B5D641 /* NetworkDataFetcher.swift */,
				487FD3D925C0792A00B5D641 /* LocalDataFetcher.swift */,
				487FD3DC25C079A600B5D641 /* DataFetcherService.swift */,
			);
			path = Services;
			sourceTree = "<group>";
		};
/* End PBXGroup section */

/* Begin PBXNativeTarget section */
		48208DBB25BADC3F00993CD3 /* internshipAvito */ = {
			isa = PBXNativeTarget;
			buildConfigurationList = 48208DD025BADC4700993CD3 /* Build configuration list for PBXNativeTarget "internshipAvito" */;
			buildPhases = (
				48208DB825BADC3F00993CD3 /* Sources */,
				48208DB925BADC3F00993CD3 /* Frameworks */,
				48208DBA25BADC3F00993CD3 /* Resources */,
			);
			buildRules = (
			);
			dependencies = (
			);
			name = internshipAvito;
			productName = internshipAvito;
			productReference = 48208DBC25BADC3F00993CD3 /* internshipAvito.app */;
			productType = "com.apple.product-type.application";
		};
/* End PBXNativeTarget section */

/* Begin PBXProject section */
		48208DB425BADC3F00993CD3 /* Project object */ = {
			isa = PBXProject;
			attributes = {
				LastSwiftUpdateCheck = 1230;
				LastUpgradeCheck = 1230;
				TargetAttributes = {
					48208DBB25BADC3F00993CD3 = {
						CreatedOnToolsVersion = 12.3;
					};
				};
			};
			buildConfigurationList = 48208DB725BADC3F00993CD3 /* Build configuration list for PBXProject "internshipAvito" */;
			compatibilityVersion = "Xcode 9.3";
			developmentRegion = en;
			hasScannedForEncodings = 0;
			knownRegions = (
				en,
				Base,
			);
			mainGroup = 48208DB325BADC3F00993CD3;
			productRefGroup = 48208DBD25BADC3F00993CD3 /* Products */;
			projectDirPath = "";
			projectRoot = "";
			targets = (
				48208DBB25BADC3F00993CD3 /* internshipAvito */,
			);
		};
/* End PBXProject section */

/* Begin PBXResourcesBuildPhase section */
		48208DBA25BADC3F00993CD3 /* Resources */ = {
			isa = PBXResourcesBuildPhase;
			buildActionMask = 2147483647;
			files = (
				48208DCC25BADC4600993CD3 /* LaunchScreen.storyboard in Resources */,
				487FD3A425BADF1C00B5D641 /* result.json in Resources */,
				48208DC925BADC4600993CD3 /* Assets.xcassets in Resources */,
			);
			runOnlyForDeploymentPostprocessing = 0;
		};
/* End PBXResourcesBuildPhase section */

/* Begin PBXSourcesBuildPhase section */
		48208DB825BADC3F00993CD3 /* Sources */ = {
			isa = PBXSourcesBuildPhase;
			buildActionMask = 2147483647;
			files = (
				487FD3BF25BEC3E700B5D641 /* PromotionCollectionViewCell.swift in Sources */,
				487FD3B325BEA52E00B5D641 /* CloseButton.swift in Sources */,
				487FD3DD25C079A600B5D641 /* DataFetcherService.swift in Sources */,
				487FD3C325BEC4DB00B5D641 /* TitleLabelCell.swift in Sources */,
				48208DD825BADCD900993CD3 /* MainViewController.swift in Sources */,
				48208DC025BADC3F00993CD3 /* AppDelegate.swift in Sources */,
				48208DC225BADC3F00993CD3 /* SceneDelegate.swift in Sources */,
				487FD3D225C0779E00B5D641 /* NetworkService.swift in Sources */,
				487FD3DA25C0792A00B5D641 /* LocalDataFetcher.swift in Sources */,
				487FD3E125C07D6C00B5D641 /* UIImage + Extensions.swift in Sources */,
				487FD3CC25BEC78600B5D641 /* PriceLabelCell.swift in Sources */,
				486B528425C16F65000D5DFD /* UIViewController + Extensions.swift in Sources */,
				487FD3AA25BAE3A600B5D641 /* Model.swift in Sources */,
				487FD3D725C078B500B5D641 /* NetworkDataFetcher.swift in Sources */,
				487FD3B925BEAD9E00B5D641 /* TitleLabel.swift in Sources */,
				487FD3B625BEA8C100B5D641 /* SelectButton.swift in Sources */,
				487FD3C925BEC6E700B5D641 /* DescriptionLabelCell.swift in Sources */,
				487FD3CF25BEC83600B5D641 /* CheckmarkImageView.swift in Sources */,
				487FD3B025BC3FBF00B5D641 /* UIColor + Extension.swift in Sources */,
			);
			runOnlyForDeploymentPostprocessing = 0;
		};
/* End PBXSourcesBuildPhase section */

/* Begin PBXVariantGroup section */
		48208DCA25BADC4600993CD3 /* LaunchScreen.storyboard */ = {
			isa = PBXVariantGroup;
			children = (
				48208DCB25BADC4600993CD3 /* Base */,
			);
			name = LaunchScreen.storyboard;
			sourceTree = "<group>";
		};
/* End PBXVariantGroup section */

/* Begin XCBuildConfiguration section */
		48208DCE25BADC4700993CD3 /* Debug */ = {
			isa = XCBuildConfiguration;
			buildSettings = {
				ALWAYS_SEARCH_USER_PATHS = NO;
				CLANG_ANALYZER_NONNULL = YES;
				CLANG_ANALYZER_NUMBER_OBJECT_CONVERSION = YES_AGGRESSIVE;
				CLANG_CXX_LANGUAGE_STANDARD = "gnu++14";
				CLANG_CXX_LIBRARY = "libc++";
				CLANG_ENABLE_MODULES = YES;
				CLANG_ENABLE_OBJC_ARC = YES;
				CLANG_ENABLE_OBJC_WEAK = YES;
				CLANG_WARN_BLOCK_CAPTURE_AUTORELEASING = YES;
				CLANG_WARN_BOOL_CONVERSION = YES;
				CLANG_WARN_COMMA = YES;
				CLANG_WARN_CONSTANT_CONVERSION = YES;
				CLANG_WARN_DEPRECATED_OBJC_IMPLEMENTATIONS = YES;
				CLANG_WARN_DIRECT_OBJC_ISA_USAGE = YES_ERROR;
				CLANG_WARN_DOCUMENTATION_COMMENTS = YES;
				CLANG_WARN_EMPTY_BODY = YES;
				CLANG_WARN_ENUM_CONVERSION = YES;
				CLANG_WARN_INFINITE_RECURSION = YES;
				CLANG_WARN_INT_CONVERSION = YES;
				CLANG_WARN_NON_LITERAL_NULL_CONVERSION = YES;
				CLANG_WARN_OBJC_IMPLICIT_RETAIN_SELF = YES;
				CLANG_WARN_OBJC_LITERAL_CONVERSION = YES;
				CLANG_WARN_OBJC_ROOT_CLASS = YES_ERROR;
				CLANG_WARN_QUOTED_INCLUDE_IN_FRAMEWORK_HEADER = YES;
				CLANG_WARN_RANGE_LOOP_ANALYSIS = YES;
				CLANG_WARN_STRICT_PROTOTYPES = YES;
				CLANG_WARN_SUSPICIOUS_MOVE = YES;
				CLANG_WARN_UNGUARDED_AVAILABILITY = YES_AGGRESSIVE;
				CLANG_WARN_UNREACHABLE_CODE = YES;
				CLANG_WARN__DUPLICATE_METHOD_MATCH = YES;
				COPY_PHASE_STRIP = NO;
				DEBUG_INFORMATION_FORMAT = dwarf;
				ENABLE_STRICT_OBJC_MSGSEND = YES;
				ENABLE_TESTABILITY = YES;
				GCC_C_LANGUAGE_STANDARD = gnu11;
				GCC_DYNAMIC_NO_PIC = NO;
				GCC_NO_COMMON_BLOCKS = YES;
				GCC_OPTIMIZATION_LEVEL = 0;
				GCC_PREPROCESSOR_DEFINITIONS = (
					"DEBUG=1",
					"$(inherited)",
				);
				GCC_WARN_64_TO_32_BIT_CONVERSION = YES;
				GCC_WARN_ABOUT_RETURN_TYPE = YES_ERROR;
				GCC_WARN_UNDECLARED_SELECTOR = YES;
				GCC_WARN_UNINITIALIZED_AUTOS = YES_AGGRESSIVE;
				GCC_WARN_UNUSED_FUNCTION = YES;
				GCC_WARN_UNUSED_VARIABLE = YES;
				IPHONEOS_DEPLOYMENT_TARGET = 14.3;
				MTL_ENABLE_DEBUG_INFO = INCLUDE_SOURCE;
				MTL_FAST_MATH = YES;
				ONLY_ACTIVE_ARCH = YES;
				SDKROOT = iphoneos;
				SWIFT_ACTIVE_COMPILATION_CONDITIONS = DEBUG;
				SWIFT_OPTIMIZATION_LEVEL = "-Onone";
			};
			name = Debug;
		};
		48208DCF25BADC4700993CD3 /* Release */ = {
			isa = XCBuildConfiguration;
			buildSettings = {
				ALWAYS_SEARCH_USER_PATHS = NO;
				CLANG_ANALYZER_NONNULL = YES;
				CLANG_ANALYZER_NUMBER_OBJECT_CONVERSION = YES_AGGRESSIVE;
				CLANG_CXX_LANGUAGE_STANDARD = "gnu++14";
				CLANG_CXX_LIBRARY = "libc++";
				CLANG_ENABLE_MODULES = YES;
				CLANG_ENABLE_OBJC_ARC = YES;
				CLANG_ENABLE_OBJC_WEAK = YES;
				CLANG_WARN_BLOCK_CAPTURE_AUTORELEASING = YES;
				CLANG_WARN_BOOL_CONVERSION = YES;
				CLANG_WARN_COMMA = YES;
				CLANG_WARN_CONSTANT_CONVERSION = YES;
				CLANG_WARN_DEPRECATED_OBJC_IMPLEMENTATIONS = YES;
				CLANG_WARN_DIRECT_OBJC_ISA_USAGE = YES_ERROR;
				CLANG_WARN_DOCUMENTATION_COMMENTS = YES;
				CLANG_WARN_EMPTY_BODY = YES;
				CLANG_WARN_ENUM_CONVERSION = YES;
				CLANG_WARN_INFINITE_RECURSION = YES;
				CLANG_WARN_INT_CONVERSION = YES;
				CLANG_WARN_NON_LITERAL_NULL_CONVERSION = YES;
				CLANG_WARN_OBJC_IMPLICIT_RETAIN_SELF = YES;
				CLANG_WARN_OBJC_LITERAL_CONVERSION = YES;
				CLANG_WARN_OBJC_ROOT_CLASS = YES_ERROR;
				CLANG_WARN_QUOTED_INCLUDE_IN_FRAMEWORK_HEADER = YES;
				CLANG_WARN_RANGE_LOOP_ANALYSIS = YES;
				CLANG_WARN_STRICT_PROTOTYPES = YES;
				CLANG_WARN_SUSPICIOUS_MOVE = YES;
				CLANG_WARN_UNGUARDED_AVAILABILITY = YES_AGGRESSIVE;
				CLANG_WARN_UNREACHABLE_CODE = YES;
				CLANG_WARN__DUPLICATE_METHOD_MATCH = YES;
				COPY_PHASE_STRIP = NO;
				DEBUG_INFORMATION_FORMAT = "dwarf-with-dsym";
				ENABLE_NS_ASSERTIONS = NO;
				ENABLE_STRICT_OBJC_MSGSEND = YES;
				GCC_C_LANGUAGE_STANDARD = gnu11;
				GCC_NO_COMMON_BLOCKS = YES;
				GCC_WARN_64_TO_32_BIT_CONVERSION = YES;
				GCC_WARN_ABOUT_RETURN_TYPE = YES_ERROR;
				GCC_WARN_UNDECLARED_SELECTOR = YES;
				GCC_WARN_UNINITIALIZED_AUTOS = YES_AGGRESSIVE;
				GCC_WARN_UNUSED_FUNCTION = YES;
				GCC_WARN_UNUSED_VARIABLE = YES;
				IPHONEOS_DEPLOYMENT_TARGET = 14.3;
				MTL_ENABLE_DEBUG_INFO = NO;
				MTL_FAST_MATH = YES;
				SDKROOT = iphoneos;
				SWIFT_COMPILATION_MODE = wholemodule;
				SWIFT_OPTIMIZATION_LEVEL = "-O";
				VALIDATE_PRODUCT = YES;
			};
			name = Release;
		};
		48208DD125BADC4700993CD3 /* Debug */ = {
			isa = XCBuildConfiguration;
			buildSettings = {
				ASSETCATALOG_COMPILER_APPICON_NAME = AppIcon;
				ASSETCATALOG_COMPILER_GLOBAL_ACCENT_COLOR_NAME = AccentColor;
				CODE_SIGN_STYLE = Automatic;
				DEVELOPMENT_TEAM = Q9FWQQX8HD;
				INFOPLIST_FILE = internshipAvito/Info.plist;
				LD_RUNPATH_SEARCH_PATHS = (
					"$(inherited)",
					"@executable_path/Frameworks",
				);
				PRODUCT_BUNDLE_IDENTIFIER = com.apress.internshipAvito;
				PRODUCT_NAME = "$(TARGET_NAME)";
				SWIFT_VERSION = 5.0;
				TARGETED_DEVICE_FAMILY = "1,2";
			};
			name = Debug;
		};
		48208DD225BADC4700993CD3 /* Release */ = {
			isa = XCBuildConfiguration;
			buildSettings = {
				ASSETCATALOG_COMPILER_APPICON_NAME = AppIcon;
				ASSETCATALOG_COMPILER_GLOBAL_ACCENT_COLOR_NAME = AccentColor;
				CODE_SIGN_STYLE = Automatic;
				DEVELOPMENT_TEAM = Q9FWQQX8HD;
				INFOPLIST_FILE = internshipAvito/Info.plist;
				LD_RUNPATH_SEARCH_PATHS = (
					"$(inherited)",
					"@executable_path/Frameworks",
				);
				PRODUCT_BUNDLE_IDENTIFIER = com.apress.internshipAvito;
				PRODUCT_NAME = "$(TARGET_NAME)";
				SWIFT_VERSION = 5.0;
				TARGETED_DEVICE_FAMILY = "1,2";
			};
			name = Release;
		};
/* End XCBuildConfiguration section */

/* Begin XCConfigurationList section */
		48208DB725BADC3F00993CD3 /* Build configuration list for PBXProject "internshipAvito" */ = {
			isa = XCConfigurationList;
			buildConfigurations = (
				48208DCE25BADC4700993CD3 /* Debug */,
				48208DCF25BADC4700993CD3 /* Release */,
			);
			defaultConfigurationIsVisible = 0;
			defaultConfigurationName = Release;
		};
		48208DD025BADC4700993CD3 /* Build configuration list for PBXNativeTarget "internshipAvito" */ = {
			isa = XCConfigurationList;
			buildConfigurations = (
				48208DD125BADC4700993CD3 /* Debug */,
				48208DD225BADC4700993CD3 /* Release */,
			);
			defaultConfigurationIsVisible = 0;
			defaultConfigurationName = Release;
		};
/* End XCConfigurationList section */
	};
	rootObject = 48208DB425BADC3F00993CD3 /* Project object */;
}
